version: 2.0
shards:
  dotenv:
    git: https://github.com/gdotdesign/cr-dotenv.git
    version: 0.1.0

  exception_page:
    git: https://github.com/crystal-loot/exception_page.git
    version: 0.1.4

  kemal:
    git: https://github.com/kemalcr/kemal.git
    version: 0.26.1+git.commit.a819d4792bbc63d993d6dd2b15f9af5efb0c2d8c

  kemal-basic-auth:
    git: https://github.com/maiha/kemal-basic-auth.git
    version: 0.1.0+git.commit.ec4629eae77abff73ac0ccf52526de3f36614172

  kilt:
    git: https://github.com/jeromegn/kilt.git
    version: 0.4.0

  mastodon:
    git: https://github.com/spencerking/mastodon.cr.git
    version: 0.1.2+git.commit.255613b975959cfa58654663b26996933ad3982d

  radix:
    git: https://github.com/luislavena/radix.git
    version: 0.3.9

  twitter-crystal:
    git: https://github.com/bkerley/twitter-crystal.git
    version: 0.2.1+git.commit.51ec21867c692dd20ebd9baf0dbbd00d6fc1b7d1

