version: 2.0
shards:
  dotenv:
    git: https://github.com/gdotdesign/cr-dotenv.git
    version: 0.1.0

  exception_page:
    git: https://github.com/crystal-loot/exception_page.git
    version: 0.1.4

  kemal:
    git: https://github.com/kemalcr/kemal.git
    version: 0.26.1

  kemal-basic-auth:
    git: https://github.com/maiha/kemal-basic-auth.git
    version: 0.1.0+git.commit.ec4629eae77abff73ac0ccf52526de3f36614172

  kilt:
    git: https://github.com/jeromegn/kilt.git
    version: 0.4.0

  mastodon:
    git: https://github.com/bkerley/mastodon.cr.git
    version: 0.1.0+git.commit.1a897c44071a328368b6979276ba5e9c616f6150

  radix:
    git: https://github.com/luislavena/radix.git
    version: 0.3.9

  twitter-crystal:
    git: https://github.com/bkerley/twitter-crystal.git
    version: 0.2.1+git.commit.51ec21867c692dd20ebd9baf0dbbd00d6fc1b7d1

